<?xml version="1.0" encoding="utf-8"?>
<Project ToolsVersion="4.0" xmlns="http://schemas.microsoft.com/developer/msbuild/2003">
  <ItemGroup>
    <ClCompile Include="Framework\Animation\AnimationManager.cpp" />
    <ClCompile Include="Framework\Animation\AnimContainer.cpp" />
    <ClCompile Include="Framework\Animation\MyAllocateHierarchy.cpp" />
    <ClCompile Include="Framework\Camera\Camera.cpp" />
    <ClCompile Include="Framework\Camera\CameraShakePlugin.cpp" />
    <ClCompile Include="Framework\Camera\CameraTranslationPlugin.cpp" />
    <ClCompile Include="Framework\Camera\ViewFrustum.cpp" />
    <ClCompile Include="Framework\Collider\BaseCollider.cpp" />
    <ClCompile Include="Framework\Collider\BoxCollider3D.cpp" />
    <ClCompile Include="Framework\Collider\ColliderManager.cpp" />
    <ClCompile Include="Framework\Core\BaseGame.cpp" />
    <ClCompile Include="Framework\Core\BaseScene.cpp" />
    <ClCompile Include="Framework\Core\GameObject.cpp" />
    <ClCompile Include="Framework\Core\PlayerPrefs.cpp" />
    <ClCompile Include="Framework\Core\SceneManager.cpp" />
    <ClCompile Include="Framework\Core\Transform.cpp" />
    <ClCompile Include="Framework\Effect\InstancingMeshEffect.cpp" />
    <ClCompile Include="Framework\Effect\RendererEffect.cpp" />
    <ClCompile Include="Framework\Effect\SpriteEffect.cpp" />
    <ClCompile Include="Framework\Input\Gamepad.cpp" />
    <ClCompile Include="Framework\Input\input.cpp" />
    <ClCompile Include="Framework\Input\Keyboard.cpp" />
    <ClCompile Include="Framework\Input\Mouse.cpp" />
    <ClCompile Include="Framework\Light\Light.cpp" />
    <ClCompile Include="Framework\Math\Quaternion.cpp" />
    <ClCompile Include="Framework\Math\Vector3.cpp" />
    <ClCompile Include="Framework\Network\UDPClient.cpp" />
    <ClCompile Include="Framework\Network\UDPServer.cpp" />
    <ClCompile Include="Framework\Particle\2D\AnimationParticle2D.cpp" />
    <ClCompile Include="Framework\Particle\2D\Particle2D.cpp" />
    <ClCompile Include="Framework\Particle\3D\AnimationParticle3D.cpp" />
    <ClCompile Include="Framework\Particle\3D\Particle3D.cpp" />
    <ClCompile Include="Framework\Particle\BaseEmitter.cpp" />
    <ClCompile Include="Framework\Particle\BaseParticle.cpp" />
    <ClCompile Include="Framework\Particle\BaseParticleController.cpp" />
    <ClCompile Include="Framework\Particle\ParticleJsonParser.cpp" />
    <ClCompile Include="Framework\Particle\ParticleRenderer.cpp" />
    <ClCompile Include="Framework\Particle\SceneParticleManager.cpp" />
    <ClCompile Include="Framework\Pattern\ObserveSubject.cpp" />
    <ClCompile Include="Framework\PostEffect\Effect\BloomFilter.cpp" />
    <ClCompile Include="Framework\PostEffect\Effect\BlurFilter.cpp" />
    <ClCompile Include="Framework\PostEffect\Effect\CrossBlurFilter.cpp" />
    <ClCompile Include="Framework\PostEffect\Effect\CRTFilter.cpp" />
    <ClCompile Include="Framework\PostEffect\Effect\MonotoneFilter.cpp" />
    <ClCompile Include="Framework\PostEffect\Effect\ShockBlur.cpp" />
    <ClCompile Include="Framework\PostEffect\Effect\SpeedBlurFilter.cpp" />
    <ClCompile Include="Framework\PostEffect\Effect\SpikeNoise.cpp" />
    <ClCompile Include="Framework\PostEffect\Effect\StrongBlurFilter.cpp" />
    <ClCompile Include="Framework\PostEffect\BaseEffectController.cpp" />
    <ClCompile Include="Framework\PostEffect\BloomController.cpp" />
    <ClCompile Include="Framework\PostEffect\CrossFilterController.cpp" />
    <ClCompile Include="Framework\PostEffect\ScreenObject.cpp" />
    <ClCompile Include="Framework\PostEffect\ShockBlurController.cpp" />
    <ClCompile Include="Framework\PostEffect\SpeedBlurController.cpp" />
    <ClCompile Include="Framework\PostEffect\SpikeNoiseController.cpp" />
    <ClCompile Include="Framework\Renderer2D\CircleGauge.cpp" />
    <ClCompile Include="Framework\Renderer2D\Polygon2D.cpp" />
    <ClCompile Include="Framework\Renderer2D\TextViewer.cpp" />
    <ClCompile Include="Framework\Renderer3D\BillboardObject.cpp" />
    <ClCompile Include="Framework\Renderer3D\BillboardTransform.cpp" />
    <ClCompile Include="Framework\Renderer3D\BoardPolygon.cpp" />
    <ClCompile Include="Framework\Renderer3D\InstancingMeshContainer.cpp" />
    <ClCompile Include="Framework\Renderer3D\MeshContainer.cpp" />
    <ClCompile Include="Framework\Renderer3D\SkyBox.cpp" />
    <ClCompile Include="Framework\Renderer3D\TransformObject.cpp" />
    <ClCompile Include="Framework\Renderer3D\Viewer3D.cpp" />
    <ClCompile Include="Framework\Resource\MeshResource.cpp" />
    <ClCompile Include="Framework\Resource\PolygonResource.cpp" />
    <ClCompile Include="Framework\Resource\ResourceManager.cpp" />
    <ClCompile Include="Framework\Serial\SerialWrapper.cpp" />
    <ClCompile Include="Framework\Sound\BackgroundMusic.cpp" />
    <ClCompile Include="Framework\Sound\MusicClip.cpp" />
    <ClCompile Include="Framework\Sound\sound.cpp" />
    <ClCompile Include="Framework\Sound\SoundEffect.cpp" />
    <ClCompile Include="Framework\String\String.cpp" />
    <ClCompile Include="Framework\Task\DelayedTask.cpp" />
    <ClCompile Include="Framework\Task\PeriodicTask.cpp" />
    <ClCompile Include="Framework\Task\Task.cpp" />
    <ClCompile Include="Framework\Task\TaskManager.cpp" />
    <ClCompile Include="Framework\Tool\DebugWindow.cpp" />
    <ClCompile Include="Framework\Tool\ProfilerCPU.cpp" />
    <ClCompile Include="Framework\Transition\BaseTransitionMask.cpp" />
    <ClCompile Include="Framework\Transition\HexaPopTransitionMask.cpp" />
    <ClCompile Include="Framework\Transition\HexaRotTransitionMask.cpp" />
    <ClCompile Include="Framework\Transition\MistTransitionMask.cpp" />
    <ClCompile Include="Framework\Transition\TransitionController.cpp" />
    <ClCompile Include="Framework\Tween\Tween.cpp" />
    <ClCompile Include="source\GameMain.cpp" />
    <ClCompile Include="main.cpp" />
    <ClCompile Include="source\Scene\GameScene.cpp" />
    <ClCompile Include="Library\imgui\imgui.cpp" />
    <ClCompile Include="Library\imgui\imgui_demo.cpp" />
    <ClCompile Include="Library\imgui\imgui_draw.cpp" />
    <ClCompile Include="Library\imgui\imgui_impl_dx9.cpp" />
    <ClCompile Include="Library\imgui\imgui_impl_win32.cpp" />
    <ClCompile Include="Library\imgui\imgui_widgets.cpp" />
    <ClCompile Include="Library\json11\json11.cpp" />
    <ClCompile Include="source\BackGround\GameSkybox.cpp" />
    <ClCompile Include="source\Actor\Player\PlayerActor.cpp" />
    <ClCompile Include="source\Actor\Player\PlayerTurretActor.cpp" />
    <ClCompile Include="source\Actor\Player\PlayerBulletActor.cpp" />
    <ClCompile Include="source\Controller\PlayerBulletController.cpp" />
    <ClCompile Include="Framework\Renderer2D\RenderingTarget.cpp" />
    <ClCompile Include="source\Actor\Enemy\DemoEnemyActor.cpp" />
    <ClCompile Include="source\Camera\GameCamera.cpp" />
    <ClCompile Include="source\Effect\GameParticleManager.cpp" />
    <ClCompile Include="source\Effect\Game\PlayerBulletHIt.cpp" />
    <ClCompile Include="source\System\EnemyTween.cpp" />
    <ClCompile Include="source\Controller\EnemyController.cpp" />
    <ClCompile Include="source\Controller\EnemyTimeController.cpp" />
    <ClCompile Include="source\Effect\Enemy\EnemyParticleEmitter.cpp" />
    <ClCompile Include="source\Effect\Enemy\EnemyExplosion.cpp" />
    <ClCompile Include="Framework\Effect\MophingEffect.cpp" />
    <ClCompile Include="Framework\Renderer2D\TextOutline.cpp" />
    <ClCompile Include="Framework\Renderer3D\MeshField.cpp" />
    <ClCompile Include="Framework\Renderer3D\MophingMeshContainer.cpp" />
    <ClCompile Include="Framework\Resource\AnimationResource.cpp" />
    <ClCompile Include="Framework\Resource\FontManager.cpp" />
    <ClCompile Include="source\BackGround\PlanetActor.cpp" />
    <ClCompile Include="source\Actor\Enemy\EnemyBulletActor.cpp" />
    <ClCompile Include="source\Controller\EnemyBulletController.cpp" />
    <ClCompile Include="source\Controller\EnemyBulletConfig.cpp" />
    <ClCompile Include="source\Viewer\Game\GameViewer.cpp" />
    <ClCompile Include="source\Viewer\Game\ScoreViewer.cpp" />
    <ClCompile Include="source\Viewer\Game\EnergyViewer.cpp" />
    <ClCompile Include="Framework\Renderer2D\GaugeViewer.cpp" />
    <ClCompile Include="source\Viewer\Game\BomberViewer.cpp" />
    <ClCompile Include="source\Viewer\Game\LifeViewer.cpp" />
    <ClCompile Include="source\Effect\Enemy\EnemyDebris.cpp" />
    <ClCompile Include="source\Controller\PlayerController.cpp" />
    <ClCompile Include="source\Effect\Game\PlayerExplosion.cpp" />
    <ClCompile Include="source\Actor\Player\PlayerColliderViewer.cpp" />
    <ClCompile Include="source\Actor\Enemy\Base\BaseEnemy.cpp" />
    <ClCompile Include="source\Actor\Enemy\Base\BaseSmallEnemy.cpp" />
    <ClCompile Include="source\Actor\Enemy\RotateChargeEnemy.cpp" />
    <ClCompile Include="source\Actor\Enemy\FleetEnemy.cpp" />
    <ClCompile Include="source\Actor\Enemy\Base\BaseBigEnemy.cpp" />
    <ClCompile Include="source\System\GameInput.cpp" />
    <ClCompile Include="source\Effect\Enemy\EnemyFlame.cpp" />
    <ClCompile Include="source\Effect\Enemy\EnemySmallDebris.cpp" />
    <ClCompile Include="source\Actor\Enemy\Base\BaseMiddleEnemy.cpp" />
    <ClCompile Include="source\Sound\MusicPlayer.cpp" />
    <ClCompile Include="source\Sound\SoundPlayer.cpp" />
    <ClCompile Include="source\Viewer\Back\BackViewer.cpp" />
    <ClCompile Include="source\Viewer\Back\TimeBreakText.cpp" />
    <ClCompile Include="source\Handler\EnemyEventHandler.cpp" />
    <ClCompile Include="source\Actor\Enemy\State\DemoInit.cpp" />
    <ClCompile Include="source\Actor\Enemy\State\DemoAttack.cpp" />
    <ClCompile Include="source\Actor\Enemy\State\DemoWait.cpp" />
    <ClCompile Include="source\Actor\Enemy\State\DemoEscape.cpp" />
    <ClCompile Include="source\Actor\Enemy\SnipeEnemyActor.cpp" />
    <ClCompile Include="source\Actor\Enemy\State\SnipeInit.cpp" />
    <ClCompile Include="source\Actor\Enemy\State\SnipeAttack.cpp" />
    <ClCompile Include="source\Actor\Enemy\State\SnipeEscape.cpp" />
    <ClCompile Include="source\Actor\Enemy\State\FleetInit.cpp" />
    <ClCompile Include="source\Actor\Enemy\State\FleetWait.cpp" />
    <ClCompile Include="source\Actor\Enemy\State\FleetAttack.cpp" />
    <ClCompile Include="source\Actor\Enemy\State\FleetInsanity.cpp" />
    <ClCompile Include="source\Actor\Enemy\State\FleetEscape.cpp" />
    <ClCompile Include="source\Actor\Enemy\MiddleWayEnemy.cpp" />
    <ClCompile Include="source\Actor\Enemy\State\MiddleWayInit.cpp" />
    <ClCompile Include="source\Actor\Enemy\State\MiddleWayAttack.cpp" />
    <ClCompile Include="source\Actor\Enemy\State\MiddleWayEscape.cpp" />
    <ClCompile Include="source\Controller\EnemyFactory.cpp" />
    <ClCompile Include="source\Actor\Player\PowerupItemActor.cpp" />
    <ClCompile Include="source\Effect\Enemy\EnemyBulletVanish.cpp" />
    <ClCompile Include="source\Effect\Enemy\EnemyTrail.cpp" />
    <ClCompile Include="source\Effect\Game\PlayerTrail.cpp" />
    <ClCompile Include="source\Effect\Game\EnergyEffect.cpp" />
    <ClCompile Include="source\Handler\EnergyHandler.cpp" />
    <ClCompile Include="source\Scene\TitleScene.cpp" />
    <ClCompile Include="source\Viewer\Title\TitleViewer.cpp" />
    <ClCompile Include="source\Viewer\Title\TitleGear.cpp" />
    <ClCompile Include="source\Actor\Title\TitlePlayerActor.cpp" />
    <ClCompile Include="source\Effect\TitleParticleManager.cpp" />
    <ClCompile Include="source\Viewer\Title\PushViewer.cpp" />
    <ClCompile Include="source\Scene\ResultScene.cpp" />
    <ClCompile Include="source\Viewer\Result\ResultViewer.cpp" />
    <ClCompile Include="source\System\ScoreRanking.cpp" />
    <ClCompile Include="source\Viewer\Result\RankingText.cpp" />
    <ClCompile Include="source\Viewer\Result\RankingViewer.cpp" />
    <ClCompile Include="source\Actor\Player\PlayerShield.cpp" />
    <ClCompile Include="source\System\GameScore.cpp" />
    <ClCompile Include="source\Effect\Game\ScoreEffect.cpp" />
    <ClCompile Include="source\Effect\Game\YellowSpark.cpp" />
    <ClCompile Include="source\Effect\Game\YellowBomber.cpp" />
    <ClCompile Include="source\Actor\Player\PlayerBomber.cpp" />
    <ClCompile Include="source\Scene\TutorialScene.cpp" />
    <ClCompile Include="source\Scene\State\TutorialMove.cpp" />
    <ClCompile Include="source\Controller\TutorialPlayerController.cpp" />
    <ClCompile Include="source\Actor\Enemy\TutorialEnemy.cpp" />
  </ItemGroup>
  <ItemGroup>
    <ClInclude Include="Framework\Animation\AnimationManager.h" />
    <ClInclude Include="Framework\Animation\AnimContainer.h" />
    <ClInclude Include="Framework\Animation\MyAllocateHierarchy.h" />
    <ClInclude Include="Framework\Camera\Camera.h" />
    <ClInclude Include="Framework\Camera\CameraShakePlugin.h" />
    <ClInclude Include="Framework\Camera\CameraTranslationPlugin.h" />
    <ClInclude Include="Framework\Camera\ViewFrustum.h" />
    <ClInclude Include="Framework\Collider\BaseCollider.h" />
    <ClInclude Include="Framework\Collider\BoxCollider3D.h" />
    <ClInclude Include="Framework\Collider\ColliderManager.h" />
    <ClInclude Include="Framework\Collider\ColliderObserver.h" />
    <ClInclude Include="Framework\Core\BaseGame.h" />
    <ClInclude Include="Framework\Core\BaseScene.h" />
    <ClInclude Include="Framework\Core\GameObject.h" />
    <ClInclude Include="Framework\Core\ObjectPool.h" />
    <ClInclude Include="Framework\Core\PlayerPrefs.h" />
    <ClInclude Include="Framework\Core\SceneManager.h" />
    <ClInclude Include="Framework\Core\Transform.h" />
    <ClInclude Include="Framework\Core\Utility.h" />
    <ClInclude Include="Framework\Effect\InstancingMeshEffect.h" />
    <ClInclude Include="Framework\Effect\RendererEffect.h" />
    <ClInclude Include="Framework\Effect\SpriteEffect.h" />
    <ClInclude Include="Framework\Input\Gamepad.h" />
    <ClInclude Include="Framework\Input\input.h" />
    <ClInclude Include="Framework\Input\Keyboard.h" />
    <ClInclude Include="Framework\Input\Mouse.h" />
    <ClInclude Include="Framework\Light\Light.h" />
    <ClInclude Include="Framework\Math\Easing.h" />
    <ClInclude Include="Framework\Math\Quaternion.h" />
    <ClInclude Include="Framework\Math\TMath.h" />
    <ClInclude Include="Framework\Math\Vector3.h" />
    <ClInclude Include="Framework\Network\PacketConfig.h" />
    <ClInclude Include="Framework\Network\UDPClient.h" />
    <ClInclude Include="Framework\Network\UDPServer.h" />
    <ClInclude Include="Framework\Particle\2D\AnimationParticle2D.h" />
    <ClInclude Include="Framework\Particle\2D\Particle2D.h" />
    <ClInclude Include="Framework\Particle\3D\AnimationParticle3D.h" />
    <ClInclude Include="Framework\Particle\3D\Particle3D.h" />
    <ClInclude Include="Framework\Particle\BaseEmitter.h" />
    <ClInclude Include="Framework\Particle\BaseParticle.h" />
    <ClInclude Include="Framework\Particle\BaseParticleController.h" />
    <ClInclude Include="Framework\Particle\ParticleJsonParser.h" />
    <ClInclude Include="Framework\Particle\ParticleRenderer.h" />
    <ClInclude Include="Framework\Particle\SceneParticleManager.h" />
    <ClInclude Include="Framework\Pattern\BaseObserver.h" />
    <ClInclude Include="Framework\Pattern\BaseSingleton.h" />
    <ClInclude Include="Framework\Pattern\BaseState.h" />
    <ClInclude Include="Framework\Pattern\Delegate.h" />
    <ClInclude Include="Framework\Pattern\ObserveSubject.h" />
    <ClInclude Include="Framework\PostEffect\Effect\BloomFilter.h" />
    <ClInclude Include="Framework\PostEffect\Effect\BlurFilter.h" />
    <ClInclude Include="Framework\PostEffect\Effect\CrossBlurFilter.h" />
    <ClInclude Include="Framework\PostEffect\Effect\CRTFilter.h" />
    <ClInclude Include="Framework\PostEffect\Effect\MonotoneFilter.h" />
    <ClInclude Include="Framework\PostEffect\Effect\ShockBlur.h" />
    <ClInclude Include="Framework\PostEffect\Effect\SpeedBlurFilter.h" />
    <ClInclude Include="Framework\PostEffect\Effect\SpikeNoise.h" />
    <ClInclude Include="Framework\PostEffect\Effect\StrongBlurFilter.h" />
    <ClInclude Include="Framework\PostEffect\BaseEffectController.h" />
    <ClInclude Include="Framework\PostEffect\BloomController.h" />
    <ClInclude Include="Framework\PostEffect\CrossFilterController.h" />
    <ClInclude Include="Framework\PostEffect\ScreenObject.h" />
    <ClInclude Include="Framework\PostEffect\ShockBlurController.h" />
    <ClInclude Include="Framework\PostEffect\SpeedBlurController.h" />
    <ClInclude Include="Framework\PostEffect\SpikeNoiseController.h" />
    <ClInclude Include="Framework\Renderer2D\CircleGauge.h" />
    <ClInclude Include="Framework\Renderer2D\Polygon2D.h" />
    <ClInclude Include="Framework\Renderer2D\TextViewer.h" />
    <ClInclude Include="Framework\Renderer3D\BillboardObject.h" />
    <ClInclude Include="Framework\Renderer3D\BillboardTransform.h" />
    <ClInclude Include="Framework\Renderer3D\BoardPolygon.h" />
    <ClInclude Include="Framework\Renderer3D\InstancingMeshContainer.h" />
    <ClInclude Include="Framework\Renderer3D\MeshContainer.h" />
    <ClInclude Include="Framework\Renderer3D\SkyBox.h" />
    <ClInclude Include="Framework\Renderer3D\TransformObject.h" />
    <ClInclude Include="Framework\Renderer3D\Viewer3D.h" />
    <ClInclude Include="Framework\Resource\MeshResource.h" />
    <ClInclude Include="Framework\Resource\PolygonResource.h" />
    <ClInclude Include="Framework\Resource\ResourceManager.h" />
    <ClInclude Include="Framework\Serial\SerialWrapper.h" />
    <ClInclude Include="Framework\Sound\BackgroundMusic.h" />
    <ClInclude Include="Framework\Sound\MusicClip.h" />
    <ClInclude Include="Framework\Sound\sound.h" />
    <ClInclude Include="Framework\Sound\SoundEffect.h" />
    <ClInclude Include="Framework\String\String.h" />
    <ClInclude Include="Framework\Task\DelayedTask.h" />
    <ClInclude Include="Framework\Task\PeriodicTask.h" />
    <ClInclude Include="Framework\Task\Task.h" />
    <ClInclude Include="Framework\Task\TaskManager.h" />
    <ClInclude Include="Framework\Tool\DebugWindow.h" />
    <ClInclude Include="Framework\Tool\ProfilerCPU.h" />
    <ClInclude Include="Framework\Transition\BaseTransitionMask.h" />
    <ClInclude Include="Framework\Transition\HexaPopTransitionMask.h" />
    <ClInclude Include="Framework\Transition\HexaRotTransitionMask.h" />
    <ClInclude Include="Framework\Transition\MistTransitionMask.h" />
    <ClInclude Include="Framework\Transition\TransitionController.h" />
    <ClInclude Include="Framework\Tween\Tween.h" />
    <ClInclude Include="source\GameMain.h" />
    <ClInclude Include="main.h" />
    <ClInclude Include="source\GameConfig.h" />
    <ClInclude Include="source\Scene\GameScene.h" />
    <ClInclude Include="Library\cppLinq\cpplinq.hpp" />
    <ClInclude Include="Library\imgui\imconfig.h" />
    <ClInclude Include="Library\imgui\imgui.h" />
    <ClInclude Include="Library\imgui\imgui_impl_dx9.h" />
    <ClInclude Include="Library\imgui\imgui_impl_win32.h" />
    <ClInclude Include="Library\imgui\imgui_internal.h" />
    <ClInclude Include="Library\imgui\imstb_rectpack.h" />
    <ClInclude Include="Library\imgui\imstb_textedit.h" />
    <ClInclude Include="Library\imgui\imstb_truetype.h" />
    <ClInclude Include="Library\nameof\nameof.hpp" />
    <ClInclude Include="Library\picojson\picojson.h" />
    <ClInclude Include="Library\json11\json11.hpp" />
    <ClInclude Include="source\BackGround\GameSkybox.h" />
    <ClInclude Include="source\Actor\Player\PlayerActor.h" />
    <ClInclude Include="source\Actor\Player\PlayerTurretActor.h" />
    <ClInclude Include="source\Actor\Player\PlayerBulletActor.h" />
    <ClInclude Include="source\Controller\PlayerBulletController.h" />
    <ClInclude Include="Framework\Renderer2D\RenderingTarget.h" />
    <ClInclude Include="source\Actor\Enemy\DemoEnemyActor.h" />
    <ClInclude Include="source\Camera\GameCamera.h" />
    <ClInclude Include="source\Effect\GameParticleManager.h" />
    <ClInclude Include="source\Effect\Game\PlayerBulletHit.h" />
    <ClInclude Include="source\System\EnemyTween.h" />
    <ClInclude Include="source\Controller\EnemyController.h" />
    <ClInclude Include="source\Controller\EnemyTimeController.h" />
    <ClInclude Include="source\Effect\Enemy\EnemyParticleEmitter.h" />
    <ClInclude Include="source\Effect\Enemy\EnemyExplosion.h" />
    <ClInclude Include="Framework\Effect\MophingEffect.h" />
    <ClInclude Include="Framework\Renderer2D\TextOutLine.h" />
    <ClInclude Include="Framework\Renderer3D\MeshField.h" />
    <ClInclude Include="Framework\Renderer3D\MophingMeshContainer.h" />
    <ClInclude Include="Framework\Resource\AnimationResource.h" />
    <ClInclude Include="Framework\Resource\FontManager.h" />
    <ClInclude Include="Framework\Tool\MemoryDetect.h" />
    <ClInclude Include="Framework\Tween\Tweener\MoveTweener.h" />
    <ClInclude Include="Framework\Tween\Tweener\RotateTweener.h" />
    <ClInclude Include="Framework\Tween\Tweener\ScaleTweener.h" />
    <ClInclude Include="Framework\Tween\Tweener\Tweener.h" />
    <ClInclude Include="Framework\Tween\Tweener\ValueTweener.h" />
    <ClInclude Include="Framework\Tween\Tweener\ViewerTweener.h" />
    <ClInclude Include="source\BackGround\PlanetActor.h" />
    <ClInclude Include="source\Actor\Enemy\EnemyBulletActor.h" />
    <ClInclude Include="source\Controller\EnemyBulletController.h" />
    <ClInclude Include="source\Controller\EnemyBulletConfig.h" />
    <ClInclude Include="Framework\Core\FixedTime.h" />
    <ClInclude Include="source\Viewer\Game\GameViewer.h" />
    <ClInclude Include="source\Viewer\Game\ScoreViewer.h" />
    <ClInclude Include="source\Viewer\Game\EnergyViewer.h" />
    <ClInclude Include="Framework\Renderer2D\GaugeViewer.h" />
    <ClInclude Include="source\Viewer\Game\BomberViewer.h" />
    <ClInclude Include="source\Viewer\Game\LifeViewer.h" />
    <ClInclude Include="source\Effect\Enemy\EnemyDebris.h" />
    <ClInclude Include="source\Controller\PlayerController.h" />
    <ClInclude Include="source\Effect\Game\PlayerExplosion.h" />
    <ClInclude Include="source\Actor\Player\PlayerColliderViewer.h" />
    <ClInclude Include="source\Actor\Enemy\Base\BaseEnemy.h" />
    <ClInclude Include="source\Actor\Enemy\Base\BaseSmallEnemy.h" />
    <ClInclude Include="source\Actor\Enemy\RotateChargeEnemy.h" />
    <ClInclude Include="source\Actor\Enemy\FleetEnemy.h" />
    <ClInclude Include="source\Actor\Enemy\Base\BaseBigEnemy.h" />
    <ClInclude Include="source\System\GameInput.h" />
    <ClInclude Include="source\Effect\Enemy\EnemyFlame.h" />
    <ClInclude Include="source\Effect\Enemy\EnemySmallDebris.h" />
    <ClInclude Include="source\Actor\Enemy\Base\BaseMiddleEnemy.h" />
    <ClInclude Include="source\Sound\MusicPlayer.h" />
    <ClInclude Include="source\Sound\SoundPlayer.h" />
    <ClInclude Include="source\Viewer\Back\BackViewer.h" />
    <ClInclude Include="source\Viewer\Back\TimeBreakText.h" />
    <ClInclude Include="source\Handler\EnemyEventHandler.h" />
    <ClInclude Include="source\Actor\Enemy\State\DemoInit.h" />
    <ClInclude Include="source\Actor\Enemy\State\DemoAttack.h" />
    <ClInclude Include="source\Actor\Enemy\State\DemoWait.h" />
    <ClInclude Include="source\Actor\Enemy\State\DemoEscape.h" />
    <ClInclude Include="source\Actor\Enemy\SnipeEnemyActor.h" />
    <ClInclude Include="source\Actor\Enemy\State\SnipeInit.h" />
    <ClInclude Include="source\Actor\Enemy\State\SnipeAttack.h" />
    <ClInclude Include="source\Actor\Enemy\State\SnipeEscape.h" />
    <ClInclude Include="source\Actor\Enemy\State\FleetInit.h" />
    <ClInclude Include="source\Actor\Enemy\State\FleetWait.h" />
    <ClInclude Include="source\Actor\Enemy\State\FleetAttack.h" />
    <ClInclude Include="source\Actor\Enemy\State\FleetInsanity.h" />
    <ClInclude Include="source\Actor\Enemy\State\FleetEscape.h" />
    <ClInclude Include="source\Actor\Enemy\MiddleWayEnemy.h" />
    <ClInclude Include="source\Actor\Enemy\State\MiddleWayInit.h" />
    <ClInclude Include="source\Actor\Enemy\State\MiddleWayAttack.h" />
    <ClInclude Include="source\Actor\Enemy\State\MiddleWayEscape.h" />
    <ClInclude Include="source\Controller\EnemyFactory.h" />
    <ClInclude Include="source\Actor\Player\PowerupItemActor.h" />
    <ClInclude Include="source\Effect\Enemy\EnemyBulletVanish.h" />
    <ClInclude Include="source\Effect\Enemy\EnemyTrail.h" />
    <ClInclude Include="source\Effect\Game\PlayerTrail.h" />
    <ClInclude Include="source\Effect\Game\EnergyEffect.h" />
    <ClInclude Include="source\Handler\EnergyHandler.h" />
    <ClInclude Include="source\Scene\TitleScene.h" />
    <ClInclude Include="source\Viewer\Title\TitleViewer.h" />
    <ClInclude Include="source\Viewer\Title\TitleGear.h" />
    <ClInclude Include="source\Actor\Title\TitlePlayerActor.h" />
    <ClInclude Include="source\Effect\TitleParticleManager.h" />
    <ClInclude Include="source\Viewer\Title\PushViewer.h" />
    <ClInclude Include="source\Scene\ResultScene.h" />
    <ClInclude Include="source\Viewer\Result\ResultViewer.h" />
    <ClInclude Include="source\System\ScoreRanking.h" />
    <ClInclude Include="source\System\RankingInfo.h" />
    <ClInclude Include="source\Viewer\Result\RankingText.h" />
    <ClInclude Include="source\Viewer\Result\RankingViewer.h" />
    <ClInclude Include="source\Actor\Player\PlayerShield.h" />
    <ClInclude Include="source\System\GameScore.h" />
    <ClInclude Include="source\Effect\Game\ScoreEffect.h" />
    <ClInclude Include="source\Effect\Game\YellowSpark.h" />
    <ClInclude Include="source\Effect\Game\YellowBomber.h" />
    <ClInclude Include="source\Actor\Player\PlayerBomber.h" />
    <ClInclude Include="source\Scene\TutorialScene.h" />
    <ClInclude Include="source\Scene\State\TutorialMove.h" />
    <ClInclude Include="source\Controller\TutorialPlayerController.h" />
    <ClInclude Include="source\Actor\Enemy\TutorialEnemy.h" />
  </ItemGroup>
  <ItemGroup>
    <FxCompile Include="Shaders\BloomFilter.fx" />
    <FxCompile Include="Shaders\BlurFilter.fx" />
    <FxCompile Include="Shaders\CrossBlur.fx" />
    <FxCompile Include="Shaders\CRTFilter.fx" />
    <FxCompile Include="Shaders\DepthRenderer.fx" />
    <FxCompile Include="Shaders\DepthShadow.fx" />
    <FxCompile Include="Shaders\HexaCrossBlur.fx" />
    <FxCompile Include="Shaders\InstancingMesh.fx" />
    <FxCompile Include="Shaders\MonotoneFilter.fx" />
    <FxCompile Include="Shaders\particle3D.fx" />
    <FxCompile Include="Shaders\ShockBlur.fx" />
    <FxCompile Include="Shaders\SpeedBlur.fx" />
    <FxCompile Include="Shaders\SpikeNoise.fx" />
    <FxCompile Include="Shaders\Sprite.fx" />
    <FxCompile Include="Shaders\StrongBlurFilter.fx" />
  </ItemGroup>
</Project>